
Microsoft Visual Studio Solution File, Format Version 12.00
# Visual Studio Version 16
VisualStudioVersion = 16.0.810.21
MinimumVisualStudioVersion = 10.0.40219.1
Project("{FAE04EC0-301F-11D3-BF4B-00C04F79EFBC}") = "MarsRover", "MarsRover\MarsRover.csproj", "{E179889B-03C4-4A5D-B659-56E0CF6E6BB5}"
EndProject
Project("{FAE04EC0-301F-11D3-BF4B-00C04F79EFBC}") = "Models", "Models\Models.csproj", "{3D6FDBE4-5B4A-40E6-A1FB-F7F478F920CA}"
EndProject
Project("{FAE04EC0-301F-11D3-BF4B-00C04F79EFBC}") = "Services", "Services\Services.csproj", "{6EAD0A10-C473-4956-B88C-4C8F6717895F}"
EndProject
Project("{FAE04EC0-301F-11D3-BF4B-00C04F79EFBC}") = "Common", "Common\Common.csproj", "{B2D107A1-09B4-495B-9CE6-66EE39FAB85B}"
EndProject
Project("{FAE04EC0-301F-11D3-BF4B-00C04F79EFBC}") = "test", "test\test.csproj", "{01E8408E-91F3-4341-B50C-7BCC931AE2FF}"
EndProject
Global
	GlobalSection(SolutionConfigurationPlatforms) = preSolution
		Debug|Any CPU = Debug|Any CPU
		Release|Any CPU = Release|Any CPU
	EndGlobalSection
	GlobalSection(ProjectConfigurationPlatforms) = postSolution
		{E179889B-03C4-4A5D-B659-56E0CF6E6BB5}.Debug|Any CPU.ActiveCfg = Debug|Any CPU
		{E179889B-03C4-4A5D-B659-56E0CF6E6BB5}.Debug|Any CPU.Build.0 = Debug|Any CPU
		{E179889B-03C4-4A5D-B659-56E0CF6E6BB5}.Release|Any CPU.ActiveCfg = Release|Any CPU
		{E179889B-03C4-4A5D-B659-56E0CF6E6BB5}.Release|Any CPU.Build.0 = Release|Any CPU
		{3D6FDBE4-5B4A-40E6-A1FB-F7F478F920CA}.Debug|Any CPU.ActiveCfg = Debug|Any CPU
		{3D6FDBE4-5B4A-40E6-A1FB-F7F478F920CA}.Debug|Any CPU.Build.0 = Debug|Any CPU
		{3D6FDBE4-5B4A-40E6-A1FB-F7F478F920CA}.Release|Any CPU.ActiveCfg = Release|Any CPU
		{3D6FDBE4-5B4A-40E6-A1FB-F7F478F920CA}.Release|Any CPU.Build.0 = Release|Any CPU
		{6EAD0A10-C473-4956-B88C-4C8F6717895F}.Debug|Any CPU.ActiveCfg = Debug|Any CPU
		{6EAD0A10-C473-4956-B88C-4C8F6717895F}.Debug|Any CPU.Build.0 = Debug|Any CPU
		{6EAD0A10-C473-4956-B88C-4C8F6717895F}.Release|Any CPU.ActiveCfg = Release|Any CPU
		{6EAD0A10-C473-4956-B88C-4C8F6717895F}.Release|Any CPU.Build.0 = Release|Any CPU
		{B2D107A1-09B4-495B-9CE6-66EE39FAB85B}.Debug|Any CPU.ActiveCfg = Debug|Any CPU
		{B2D107A1-09B4-495B-9CE6-66EE39FAB85B}.Debug|Any CPU.Build.0 = Debug|Any CPU
		{B2D107A1-09B4-495B-9CE6-66EE39FAB85B}.Release|Any CPU.ActiveCfg = Release|Any CPU
		{B2D107A1-09B4-495B-9CE6-66EE39FAB85B}.Release|Any CPU.Build.0 = Release|Any CPU
		{01E8408E-91F3-4341-B50C-7BCC931AE2FF}.Debug|Any CPU.ActiveCfg = Debug|Any CPU
		{01E8408E-91F3-4341-B50C-7BCC931AE2FF}.Debug|Any CPU.Build.0 = Debug|Any CPU
		{01E8408E-91F3-4341-B50C-7BCC931AE2FF}.Release|Any CPU.ActiveCfg = Release|Any CPU
		{01E8408E-91F3-4341-B50C-7BCC931AE2FF}.Release|Any CPU.Build.0 = Release|Any CPU
	EndGlobalSection
	GlobalSection(SolutionProperties) = preSolution
		HideSolutionNode = FALSE
	EndGlobalSection
	GlobalSection(ExtensibilityGlobals) = postSolution
		SolutionGuid = {D5B35037-2AF5-4A87-A3B1-A8C2170EDE94}
	EndGlobalSection
EndGlobal
